
Microsoft Visual Studio Solution File, Format Version 12.00
# Visual Studio 15
VisualStudioVersion = 15.0.26430.14
MinimumVisualStudioVersion = 10.0.40219.1
Project("{FAE04EC0-301F-11D3-BF4B-00C04F79EFBC}") = "testIdentity", "testIdentity\testIdentity.csproj", "{1F9A549E-3FC5-4150-A4F8-4045A2E45858}"
EndProject
Project("{FAE04EC0-301F-11D3-BF4B-00C04F79EFBC}") = "dataaccess", "dataaccess\dataaccess.csproj", "{93D9C7AC-14B4-432F-9637-E4008E07B288}"
EndProject
Global
	GlobalSection(SolutionConfigurationPlatforms) = preSolution
		Debug|Any CPU = Debug|Any CPU
		Release|Any CPU = Release|Any CPU
	EndGlobalSection
	GlobalSection(ProjectConfigurationPlatforms) = postSolution
		{1F9A549E-3FC5-4150-A4F8-4045A2E45858}.Debug|Any CPU.ActiveCfg = Debug|Any CPU
		{1F9A549E-3FC5-4150-A4F8-4045A2E45858}.Debug|Any CPU.Build.0 = Debug|Any CPU
		{1F9A549E-3FC5-4150-A4F8-4045A2E45858}.Release|Any CPU.ActiveCfg = Release|Any CPU
		{1F9A549E-3FC5-4150-A4F8-4045A2E45858}.Release|Any CPU.Build.0 = Release|Any CPU
		{93D9C7AC-14B4-432F-9637-E4008E07B288}.Debug|Any CPU.ActiveCfg = Debug|Any CPU
		{93D9C7AC-14B4-432F-9637-E4008E07B288}.Debug|Any CPU.Build.0 = Debug|Any CPU
		{93D9C7AC-14B4-432F-9637-E4008E07B288}.Release|Any CPU.ActiveCfg = Release|Any CPU
		{93D9C7AC-14B4-432F-9637-E4008E07B288}.Release|Any CPU.Build.0 = Release|Any CPU
	EndGlobalSection
	GlobalSection(SolutionProperties) = preSolution
		HideSolutionNode = FALSE
	EndGlobalSection
EndGlobal
